
Microsoft Visual Studio Solution File, Format Version 12.00
# Visual Studio Version 17
VisualStudioVersion = 17.0.31903.59
MinimumVisualStudioVersion = 10.0.40219.1
Project("{FAE04EC0-301F-11D3-BF4B-00C04F79EFBC}") = "API", "API\API.csproj", "{83DDAF62-00A0-404F-AA71-4B83450728CC}"
EndProject
Global
	GlobalSection(SolutionConfigurationPlatforms) = preSolution
		Debug|Any CPU = Debug|Any CPU
		Release|Any CPU = Release|Any CPU
	EndGlobalSection
	GlobalSection(ProjectConfigurationPlatforms) = postSolution
		{83DDAF62-00A0-404F-AA71-4B83450728CC}.Debug|Any CPU.ActiveCfg = Debug|Any CPU
		{83DDAF62-00A0-404F-AA71-4B83450728CC}.Debug|Any CPU.Build.0 = Debug|Any CPU
		{83DDAF62-00A0-404F-AA71-4B83450728CC}.Release|Any CPU.ActiveCfg = Release|Any CPU
		{83DDAF62-00A0-404F-AA71-4B83450728CC}.Release|Any CPU.Build.0 = Release|Any CPU
	EndGlobalSection
	GlobalSection(SolutionProperties) = preSolution
		HideSolutionNode = FALSE
	EndGlobalSection
	GlobalSection(ExtensibilityGlobals) = postSolution
		SolutionGuid = {59EBD10F-10EA-420A-97D3-00B25D1C8751}
	EndGlobalSection
EndGlobal
